
Microsoft Visual Studio Solution File, Format Version 12.00
# Visual Studio 15
VisualStudioVersion = 15.0.28307.1231
MinimumVisualStudioVersion = 10.0.40219.1
Project("{FAE04EC0-301F-11D3-BF4B-00C04F79EFBC}") = "EFCore", "EFCore\EFCore.csproj", "{0C15F94A-3D8C-4E63-89B7-2510B8B9AA5F}"
EndProject
Project("{FAE04EC0-301F-11D3-BF4B-00C04F79EFBC}") = "DataAccess", "DataAccess\DataAccess.csproj", "{EE2ECAB7-68C5-4397-9BC2-59EEEF93BFFC}"
EndProject
Project("{FAE04EC0-301F-11D3-BF4B-00C04F79EFBC}") = "DataModel", "DataModel\DataModel.csproj", "{BDCA77FD-6D0A-444E-B5EF-EF4DA5627DC2}"
EndProject
Global
	GlobalSection(SolutionConfigurationPlatforms) = preSolution
		Debug|Any CPU = Debug|Any CPU
		Release|Any CPU = Release|Any CPU
	EndGlobalSection
	GlobalSection(ProjectConfigurationPlatforms) = postSolution
		{0C15F94A-3D8C-4E63-89B7-2510B8B9AA5F}.Debug|Any CPU.ActiveCfg = Debug|Any CPU
		{0C15F94A-3D8C-4E63-89B7-2510B8B9AA5F}.Debug|Any CPU.Build.0 = Debug|Any CPU
		{0C15F94A-3D8C-4E63-89B7-2510B8B9AA5F}.Release|Any CPU.ActiveCfg = Release|Any CPU
		{0C15F94A-3D8C-4E63-89B7-2510B8B9AA5F}.Release|Any CPU.Build.0 = Release|Any CPU
		{EE2ECAB7-68C5-4397-9BC2-59EEEF93BFFC}.Debug|Any CPU.ActiveCfg = Debug|Any CPU
		{EE2ECAB7-68C5-4397-9BC2-59EEEF93BFFC}.Debug|Any CPU.Build.0 = Debug|Any CPU
		{EE2ECAB7-68C5-4397-9BC2-59EEEF93BFFC}.Release|Any CPU.ActiveCfg = Release|Any CPU
		{EE2ECAB7-68C5-4397-9BC2-59EEEF93BFFC}.Release|Any CPU.Build.0 = Release|Any CPU
		{BDCA77FD-6D0A-444E-B5EF-EF4DA5627DC2}.Debug|Any CPU.ActiveCfg = Debug|Any CPU
		{BDCA77FD-6D0A-444E-B5EF-EF4DA5627DC2}.Debug|Any CPU.Build.0 = Debug|Any CPU
		{BDCA77FD-6D0A-444E-B5EF-EF4DA5627DC2}.Release|Any CPU.ActiveCfg = Release|Any CPU
		{BDCA77FD-6D0A-444E-B5EF-EF4DA5627DC2}.Release|Any CPU.Build.0 = Release|Any CPU
	EndGlobalSection
	GlobalSection(SolutionProperties) = preSolution
		HideSolutionNode = FALSE
	EndGlobalSection
	GlobalSection(ExtensibilityGlobals) = postSolution
		SolutionGuid = {3058D2CF-FC6D-4D09-B22F-46FF64382097}
	EndGlobalSection
EndGlobal
